
Microsoft Visual Studio Solution File, Format Version 12.00
# Visual Studio Version 17
VisualStudioVersion = 17.4.33110.190
MinimumVisualStudioVersion = 10.0.40219.1
Project("{FAE04EC0-301F-11D3-BF4B-00C04F79EFBC}") = "spending_money_control_bot_web", "spending_money_control_bot_web\spending_money_control_bot_web.csproj", "{A8816DE5-2371-4853-AC84-7825DE2E4559}"
EndProject
Global
	GlobalSection(SolutionConfigurationPlatforms) = preSolution
		Debug|Any CPU = Debug|Any CPU
		Release|Any CPU = Release|Any CPU
	EndGlobalSection
	GlobalSection(ProjectConfigurationPlatforms) = postSolution
		{A8816DE5-2371-4853-AC84-7825DE2E4559}.Debug|Any CPU.ActiveCfg = Debug|Any CPU
		{A8816DE5-2371-4853-AC84-7825DE2E4559}.Debug|Any CPU.Build.0 = Debug|Any CPU
		{A8816DE5-2371-4853-AC84-7825DE2E4559}.Release|Any CPU.ActiveCfg = Release|Any CPU
		{A8816DE5-2371-4853-AC84-7825DE2E4559}.Release|Any CPU.Build.0 = Release|Any CPU
	EndGlobalSection
	GlobalSection(SolutionProperties) = preSolution
		HideSolutionNode = FALSE
	EndGlobalSection
	GlobalSection(ExtensibilityGlobals) = postSolution
		SolutionGuid = {20DA0588-E407-44EE-824B-B998678A01FE}
	EndGlobalSection
EndGlobal
